{
  "version": "5",
  "remote": {
    "https://esm.sh/@supabase/supabase-js@2.88.0": "970ab311466eae157789aad084936f7441312963198b2a7e0b7926ad32f96b9d"
  },
  "workspace": {
    "packageJson": {
      "dependencies": [
        "npm:@supabase/supabase-js@^2.88.0",
        "npm:@types/react-dom@^19.2.3",
        "npm:@types/react@^19.2.7",
        "npm:@vitejs/plugin-react@^5.1.2",
        "npm:fflate@~0.8.3",
        "npm:lucide-react@0.562",
        "npm:react-dom@^19.2.3",
        "npm:react@^19.2.3",
        "npm:typescript@^5.9.3",
        "npm:vite@^7.3.0"
      ]
    }
  }
}
